
Microsoft Visual Studio Solution File, Format Version 12.00
# Visual Studio Version 17
VisualStudioVersion = 17.11.35312.102
MinimumVisualStudioVersion = 10.0.40219.1
Project("{FAE04EC0-301F-11D3-BF4B-00C04F79EFBC}") = "Assignment03_233581", "Assignment03_233581.csproj", "{BD68AA03-27BE-4CF2-B778-192BDF9872F1}"
EndProject
Global
	GlobalSection(SolutionConfigurationPlatforms) = preSolution
		Debug|Any CPU = Debug|Any CPU
		Release|Any CPU = Release|Any CPU
	EndGlobalSection
	GlobalSection(ProjectConfigurationPlatforms) = postSolution
		{BD68AA03-27BE-4CF2-B778-192BDF9872F1}.Debug|Any CPU.ActiveCfg = Debug|Any CPU
		{BD68AA03-27BE-4CF2-B778-192BDF9872F1}.Debug|Any CPU.Build.0 = Debug|Any CPU
		{BD68AA03-27BE-4CF2-B778-192BDF9872F1}.Release|Any CPU.ActiveCfg = Release|Any CPU
		{BD68AA03-27BE-4CF2-B778-192BDF9872F1}.Release|Any CPU.Build.0 = Release|Any CPU
	EndGlobalSection
	GlobalSection(SolutionProperties) = preSolution
		HideSolutionNode = FALSE
	EndGlobalSection
	GlobalSection(ExtensibilityGlobals) = postSolution
		SolutionGuid = {D384C17C-6510-49D6-A43F-75E477A18886}
	EndGlobalSection
EndGlobal
