
Microsoft Visual Studio Solution File, Format Version 12.00
# Visual Studio Version 17
VisualStudioVersion = 17.2.32505.173
MinimumVisualStudioVersion = 10.0.40219.1
Project("{FAE04EC0-301F-11D3-BF4B-00C04F79EFBC}") = "LabNo12_Task_1", "LabNo12_Task_1.csproj", "{D52DD9A9-9DC7-48E6-B1C6-18DF13F13C31}"
EndProject
Global
	GlobalSection(SolutionConfigurationPlatforms) = preSolution
		Debug|Any CPU = Debug|Any CPU
		Release|Any CPU = Release|Any CPU
	EndGlobalSection
	GlobalSection(ProjectConfigurationPlatforms) = postSolution
		{D52DD9A9-9DC7-48E6-B1C6-18DF13F13C31}.Debug|Any CPU.ActiveCfg = Debug|Any CPU
		{D52DD9A9-9DC7-48E6-B1C6-18DF13F13C31}.Debug|Any CPU.Build.0 = Debug|Any CPU
		{D52DD9A9-9DC7-48E6-B1C6-18DF13F13C31}.Release|Any CPU.ActiveCfg = Release|Any CPU
		{D52DD9A9-9DC7-48E6-B1C6-18DF13F13C31}.Release|Any CPU.Build.0 = Release|Any CPU
	EndGlobalSection
	GlobalSection(SolutionProperties) = preSolution
		HideSolutionNode = FALSE
	EndGlobalSection
	GlobalSection(ExtensibilityGlobals) = postSolution
		SolutionGuid = {DD659E8E-0C20-4326-9FEE-839F36E7A9BA}
	EndGlobalSection
EndGlobal
