
Microsoft Visual Studio Solution File, Format Version 12.00
# Visual Studio Version 17
VisualStudioVersion = 17.11.35312.102
MinimumVisualStudioVersion = 10.0.40219.1
Project("{FAE04EC0-301F-11D3-BF4B-00C04F79EFBC}") = "Assignment02_233581", "Assignment02_233581.csproj", "{FC1068D6-5889-4FBB-BADA-E6AC519F29B5}"
EndProject
Global
	GlobalSection(SolutionConfigurationPlatforms) = preSolution
		Debug|Any CPU = Debug|Any CPU
		Release|Any CPU = Release|Any CPU
	EndGlobalSection
	GlobalSection(ProjectConfigurationPlatforms) = postSolution
		{FC1068D6-5889-4FBB-BADA-E6AC519F29B5}.Debug|Any CPU.ActiveCfg = Debug|Any CPU
		{FC1068D6-5889-4FBB-BADA-E6AC519F29B5}.Debug|Any CPU.Build.0 = Debug|Any CPU
		{FC1068D6-5889-4FBB-BADA-E6AC519F29B5}.Release|Any CPU.ActiveCfg = Release|Any CPU
		{FC1068D6-5889-4FBB-BADA-E6AC519F29B5}.Release|Any CPU.Build.0 = Release|Any CPU
	EndGlobalSection
	GlobalSection(SolutionProperties) = preSolution
		HideSolutionNode = FALSE
	EndGlobalSection
	GlobalSection(ExtensibilityGlobals) = postSolution
		SolutionGuid = {B97F5D7B-AD20-4958-B1C1-9D55A4918464}
	EndGlobalSection
EndGlobal
