
Microsoft Visual Studio Solution File, Format Version 12.00
# Visual Studio Version 17
VisualStudioVersion = 17.11.35312.102
MinimumVisualStudioVersion = 10.0.40219.1
Project("{FAE04EC0-301F-11D3-BF4B-00C04F79EFBC}") = "Final_Blazer", "Final_Blazer.csproj", "{67587483-B078-46B5-9CAE-FA6C5E23E144}"
EndProject
Global
	GlobalSection(SolutionConfigurationPlatforms) = preSolution
		Debug|Any CPU = Debug|Any CPU
		Release|Any CPU = Release|Any CPU
	EndGlobalSection
	GlobalSection(ProjectConfigurationPlatforms) = postSolution
		{67587483-B078-46B5-9CAE-FA6C5E23E144}.Debug|Any CPU.ActiveCfg = Debug|Any CPU
		{67587483-B078-46B5-9CAE-FA6C5E23E144}.Debug|Any CPU.Build.0 = Debug|Any CPU
		{67587483-B078-46B5-9CAE-FA6C5E23E144}.Release|Any CPU.ActiveCfg = Release|Any CPU
		{67587483-B078-46B5-9CAE-FA6C5E23E144}.Release|Any CPU.Build.0 = Release|Any CPU
	EndGlobalSection
	GlobalSection(SolutionProperties) = preSolution
		HideSolutionNode = FALSE
	EndGlobalSection
	GlobalSection(ExtensibilityGlobals) = postSolution
		SolutionGuid = {68EBCD17-ED61-47B3-BA65-68EDEFAB8884}
	EndGlobalSection
EndGlobal
